
Microsoft Visual Studio Solution File, Format Version 12.00
# Visual Studio Version 16
VisualStudioVersion = 16.0.28803.202
MinimumVisualStudioVersion = 10.0.40219.1
Project("{FAE04EC0-301F-11D3-BF4B-00C04F79EFBC}") = "SharpSniper", "SharpSniper.csproj", "{C8BB840C-04CE-4B60-A734-FAF15ABF7B18}"
EndProject
Global
	GlobalSection(SolutionConfigurationPlatforms) = preSolution
		Debug|Any CPU = Debug|Any CPU
		Release|Any CPU = Release|Any CPU
	EndGlobalSection
	GlobalSection(ProjectConfigurationPlatforms) = postSolution
		{C8BB840C-04CE-4B60-A734-FAF15ABF7B18}.Debug|Any CPU.ActiveCfg = Debug|Any CPU
		{C8BB840C-04CE-4B60-A734-FAF15ABF7B18}.Debug|Any CPU.Build.0 = Debug|Any CPU
		{C8BB840C-04CE-4B60-A734-FAF15ABF7B18}.Release|Any CPU.ActiveCfg = Release|Any CPU
		{C8BB840C-04CE-4B60-A734-FAF15ABF7B18}.Release|Any CPU.Build.0 = Release|Any CPU
	EndGlobalSection
	GlobalSection(SolutionProperties) = preSolution
		HideSolutionNode = FALSE
	EndGlobalSection
	GlobalSection(ExtensibilityGlobals) = postSolution
		SolutionGuid = {AFFF76C5-3F9E-4D9F-A788-55EC0699D804}
	EndGlobalSection
EndGlobal
